
Microsoft Visual Studio Solution File, Format Version 12.00
# Visual Studio Version 17
VisualStudioVersion = 17.0.32112.339
MinimumVisualStudioVersion = 10.0.40219.1
Project("{FAE04EC0-301F-11D3-BF4B-00C04F79EFBC}") = "ex 1", "ex 1\ex 1.csproj", "{7CD750DE-5CE8-4D93-856B-0B9E74CA621D}"
EndProject
Global
	GlobalSection(SolutionConfigurationPlatforms) = preSolution
		Debug|Any CPU = Debug|Any CPU
		Release|Any CPU = Release|Any CPU
	EndGlobalSection
	GlobalSection(ProjectConfigurationPlatforms) = postSolution
		{7CD750DE-5CE8-4D93-856B-0B9E74CA621D}.Debug|Any CPU.ActiveCfg = Debug|Any CPU
		{7CD750DE-5CE8-4D93-856B-0B9E74CA621D}.Debug|Any CPU.Build.0 = Debug|Any CPU
		{7CD750DE-5CE8-4D93-856B-0B9E74CA621D}.Release|Any CPU.ActiveCfg = Release|Any CPU
		{7CD750DE-5CE8-4D93-856B-0B9E74CA621D}.Release|Any CPU.Build.0 = Release|Any CPU
	EndGlobalSection
	GlobalSection(SolutionProperties) = preSolution
		HideSolutionNode = FALSE
	EndGlobalSection
	GlobalSection(ExtensibilityGlobals) = postSolution
		SolutionGuid = {CB3F9B78-6938-4192-9D9A-F3DF9A8A6104}
	EndGlobalSection
EndGlobal
